
Microsoft Visual Studio Solution File, Format Version 12.00
# Visual Studio 15
VisualStudioVersion = 15.0.27703.2042
MinimumVisualStudioVersion = 10.0.40219.1
Project("{FAE04EC0-301F-11D3-BF4B-00C04F79EFBC}") = "CsWebChat.Server", "CsWebChat.Server\CsWebChat.Server.csproj", "{F45CC782-C528-4997-9AFB-68457FA6872E}"
EndProject
Global
	GlobalSection(SolutionConfigurationPlatforms) = preSolution
		Debug|Any CPU = Debug|Any CPU
		Release|Any CPU = Release|Any CPU
	EndGlobalSection
	GlobalSection(ProjectConfigurationPlatforms) = postSolution
		{F45CC782-C528-4997-9AFB-68457FA6872E}.Debug|Any CPU.ActiveCfg = Debug|Any CPU
		{F45CC782-C528-4997-9AFB-68457FA6872E}.Debug|Any CPU.Build.0 = Debug|Any CPU
		{F45CC782-C528-4997-9AFB-68457FA6872E}.Release|Any CPU.ActiveCfg = Release|Any CPU
		{F45CC782-C528-4997-9AFB-68457FA6872E}.Release|Any CPU.Build.0 = Release|Any CPU
	EndGlobalSection
	GlobalSection(SolutionProperties) = preSolution
		HideSolutionNode = FALSE
	EndGlobalSection
	GlobalSection(ExtensibilityGlobals) = postSolution
		SolutionGuid = {DD38CA73-D473-485E-A731-3A4269A28CF9}
	EndGlobalSection
EndGlobal
